
Microsoft Visual Studio Solution File, Format Version 12.00
# Visual Studio Version 16
VisualStudioVersion = 16.0.31702.278
MinimumVisualStudioVersion = 10.0.40219.1
Project("{FAE04EC0-301F-11D3-BF4B-00C04F79EFBC}") = "MyFirstApp", "MyFirstApp.csproj", "{23F88879-30F2-4A93-A610-F4328CBB09CD}"
EndProject
Global
	GlobalSection(SolutionConfigurationPlatforms) = preSolution
		Debug|Any CPU = Debug|Any CPU
		Release|Any CPU = Release|Any CPU
	EndGlobalSection
	GlobalSection(ProjectConfigurationPlatforms) = postSolution
		{23F88879-30F2-4A93-A610-F4328CBB09CD}.Debug|Any CPU.ActiveCfg = Debug|Any CPU
		{23F88879-30F2-4A93-A610-F4328CBB09CD}.Debug|Any CPU.Build.0 = Debug|Any CPU
		{23F88879-30F2-4A93-A610-F4328CBB09CD}.Release|Any CPU.ActiveCfg = Release|Any CPU
		{23F88879-30F2-4A93-A610-F4328CBB09CD}.Release|Any CPU.Build.0 = Release|Any CPU
	EndGlobalSection
	GlobalSection(SolutionProperties) = preSolution
		HideSolutionNode = FALSE
	EndGlobalSection
	GlobalSection(ExtensibilityGlobals) = postSolution
		SolutionGuid = {72F1DABC-76B0-4513-A88D-238645C1139F}
	EndGlobalSection
EndGlobal
